
Microsoft Visual Studio Solution File, Format Version 12.00
# Visual Studio 15
VisualStudioVersion = 15.0.27703.2026
MinimumVisualStudioVersion = 10.0.40219.1
Project("{FAE04EC0-301F-11D3-BF4B-00C04F79EFBC}") = "CaquiTimer", "CaquiTimer.csproj", "{FDD36B3A-6D7D-49DB-B90D-C4949683527A}"
EndProject
Project("{FAE04EC0-301F-11D3-BF4B-00C04F79EFBC}") = "CaquiTimerCore", "..\CaquiTimerCore\CaquiTimerCore.csproj", "{32929131-0679-4052-8817-A8627DE00815}"
EndProject
Global
	GlobalSection(SolutionConfigurationPlatforms) = preSolution
		Debug|Any CPU = Debug|Any CPU
		Release|Any CPU = Release|Any CPU
	EndGlobalSection
	GlobalSection(ProjectConfigurationPlatforms) = postSolution
		{FDD36B3A-6D7D-49DB-B90D-C4949683527A}.Debug|Any CPU.ActiveCfg = Debug|Any CPU
		{FDD36B3A-6D7D-49DB-B90D-C4949683527A}.Debug|Any CPU.Build.0 = Debug|Any CPU
		{FDD36B3A-6D7D-49DB-B90D-C4949683527A}.Release|Any CPU.ActiveCfg = Release|Any CPU
		{FDD36B3A-6D7D-49DB-B90D-C4949683527A}.Release|Any CPU.Build.0 = Release|Any CPU
		{32929131-0679-4052-8817-A8627DE00815}.Debug|Any CPU.ActiveCfg = Debug|Any CPU
		{32929131-0679-4052-8817-A8627DE00815}.Debug|Any CPU.Build.0 = Debug|Any CPU
		{32929131-0679-4052-8817-A8627DE00815}.Release|Any CPU.ActiveCfg = Release|Any CPU
		{32929131-0679-4052-8817-A8627DE00815}.Release|Any CPU.Build.0 = Release|Any CPU
	EndGlobalSection
	GlobalSection(SolutionProperties) = preSolution
		HideSolutionNode = FALSE
	EndGlobalSection
	GlobalSection(ExtensibilityGlobals) = postSolution
		SolutionGuid = {626A7832-DE7F-4E8F-ADA6-EDF888A066C7}
	EndGlobalSection
EndGlobal
